
Microsoft Visual Studio Solution File, Format Version 12.00
# Visual Studio 15
Project("{F2A71F9B-5D33-465A-A702-920D77279786}") = "Conduit.Api", "Conduit.Api\Conduit.Api.fsproj", "{32672F17-B00F-4AC9-A6A2-737057E04E39}"
EndProject
Global
	GlobalSection(SolutionConfigurationPlatforms) = preSolution
		Debug|Any CPU = Debug|Any CPU
		Release|Any CPU = Release|Any CPU
	EndGlobalSection
	GlobalSection(ProjectConfigurationPlatforms) = postSolution
		{32672F17-B00F-4AC9-A6A2-737057E04E39}.Debug|Any CPU.ActiveCfg = Debug|Any CPU
		{32672F17-B00F-4AC9-A6A2-737057E04E39}.Debug|Any CPU.Build.0 = Debug|Any CPU
		{32672F17-B00F-4AC9-A6A2-737057E04E39}.Release|Any CPU.ActiveCfg = Release|Any CPU
		{32672F17-B00F-4AC9-A6A2-737057E04E39}.Release|Any CPU.Build.0 = Release|Any CPU
	EndGlobalSection
EndGlobal
